
Microsoft Visual Studio Solution File, Format Version 12.00
# Visual Studio 15
VisualStudioVersion = 15.0.28307.421
MinimumVisualStudioVersion = 10.0.40219.1
Project("{FAE04EC0-301F-11D3-BF4B-00C04F79EFBC}") = "SPA.Client", "SPA.Client\SPA.Client.csproj", "{0B3A5486-9344-44F5-811D-5F3A4FCCF416}"
EndProject
Project("{9A19103F-16F7-4668-BE54-9A1E7A4F7556}") = "SPA", "SPA\SPA.csproj", "{DE63DFEA-CA85-4900-8E03-552BAECBCF1D}"
EndProject
Project("{9A19103F-16F7-4668-BE54-9A1E7A4F7556}") = "SPATests", "SPATests\SPATests.csproj", "{51ED2F65-1E8E-4EC5-96A8-A1139429A8B1}"
EndProject
Project("{FAE04EC0-301F-11D3-BF4B-00C04F79EFBC}") = "SPAPipeTester", "SPAPipeTester\SPAPipeTester.csproj", "{2162E9B0-6206-40CC-A380-C275F07E860C}"
EndProject
Global
	GlobalSection(SolutionConfigurationPlatforms) = preSolution
		Debug|Any CPU = Debug|Any CPU
		Release|Any CPU = Release|Any CPU
	EndGlobalSection
	GlobalSection(ProjectConfigurationPlatforms) = postSolution
		{0B3A5486-9344-44F5-811D-5F3A4FCCF416}.Debug|Any CPU.ActiveCfg = Debug|Any CPU
		{0B3A5486-9344-44F5-811D-5F3A4FCCF416}.Debug|Any CPU.Build.0 = Debug|Any CPU
		{0B3A5486-9344-44F5-811D-5F3A4FCCF416}.Release|Any CPU.ActiveCfg = Release|Any CPU
		{0B3A5486-9344-44F5-811D-5F3A4FCCF416}.Release|Any CPU.Build.0 = Release|Any CPU
		{DE63DFEA-CA85-4900-8E03-552BAECBCF1D}.Debug|Any CPU.ActiveCfg = Debug|Any CPU
		{DE63DFEA-CA85-4900-8E03-552BAECBCF1D}.Debug|Any CPU.Build.0 = Debug|Any CPU
		{DE63DFEA-CA85-4900-8E03-552BAECBCF1D}.Release|Any CPU.ActiveCfg = Release|Any CPU
		{DE63DFEA-CA85-4900-8E03-552BAECBCF1D}.Release|Any CPU.Build.0 = Release|Any CPU
		{51ED2F65-1E8E-4EC5-96A8-A1139429A8B1}.Debug|Any CPU.ActiveCfg = Debug|Any CPU
		{51ED2F65-1E8E-4EC5-96A8-A1139429A8B1}.Debug|Any CPU.Build.0 = Debug|Any CPU
		{51ED2F65-1E8E-4EC5-96A8-A1139429A8B1}.Release|Any CPU.ActiveCfg = Release|Any CPU
		{51ED2F65-1E8E-4EC5-96A8-A1139429A8B1}.Release|Any CPU.Build.0 = Release|Any CPU
		{2162E9B0-6206-40CC-A380-C275F07E860C}.Debug|Any CPU.ActiveCfg = Debug|Any CPU
		{2162E9B0-6206-40CC-A380-C275F07E860C}.Debug|Any CPU.Build.0 = Debug|Any CPU
		{2162E9B0-6206-40CC-A380-C275F07E860C}.Release|Any CPU.ActiveCfg = Release|Any CPU
		{2162E9B0-6206-40CC-A380-C275F07E860C}.Release|Any CPU.Build.0 = Release|Any CPU
	EndGlobalSection
	GlobalSection(SolutionProperties) = preSolution
		HideSolutionNode = FALSE
	EndGlobalSection
	GlobalSection(ExtensibilityGlobals) = postSolution
		SolutionGuid = {359F156C-6242-444A-82E0-F86010A24357}
	EndGlobalSection
EndGlobal
