
Microsoft Visual Studio Solution File, Format Version 12.00
# Visual Studio Version 16
VisualStudioVersion = 16.0.29509.3
MinimumVisualStudioVersion = 10.0.40219.1
Project("{FAE04EC0-301F-11D3-BF4B-00C04F79EFBC}") = "SPA.Client", "SPA.Client\SPA.Client.csproj", "{0B3A5486-9344-44F5-811D-5F3A4FCCF416}"
EndProject
Project("{9A19103F-16F7-4668-BE54-9A1E7A4F7556}") = "SPA", "SPA\SPA.csproj", "{DE63DFEA-CA85-4900-8E03-552BAECBCF1D}"
EndProject
Global
	GlobalSection(SolutionConfigurationPlatforms) = preSolution
		Debug|Any CPU = Debug|Any CPU
		Release|Any CPU = Release|Any CPU
	EndGlobalSection
	GlobalSection(ProjectConfigurationPlatforms) = postSolution
		{0B3A5486-9344-44F5-811D-5F3A4FCCF416}.Debug|Any CPU.ActiveCfg = Debug|Any CPU
		{0B3A5486-9344-44F5-811D-5F3A4FCCF416}.Debug|Any CPU.Build.0 = Debug|Any CPU
		{0B3A5486-9344-44F5-811D-5F3A4FCCF416}.Release|Any CPU.ActiveCfg = Release|Any CPU
		{0B3A5486-9344-44F5-811D-5F3A4FCCF416}.Release|Any CPU.Build.0 = Release|Any CPU
		{DE63DFEA-CA85-4900-8E03-552BAECBCF1D}.Debug|Any CPU.ActiveCfg = Debug|Any CPU
		{DE63DFEA-CA85-4900-8E03-552BAECBCF1D}.Debug|Any CPU.Build.0 = Debug|Any CPU
		{DE63DFEA-CA85-4900-8E03-552BAECBCF1D}.Release|Any CPU.ActiveCfg = Release|Any CPU
		{DE63DFEA-CA85-4900-8E03-552BAECBCF1D}.Release|Any CPU.Build.0 = Release|Any CPU
	EndGlobalSection
	GlobalSection(SolutionProperties) = preSolution
		HideSolutionNode = FALSE
	EndGlobalSection
	GlobalSection(ExtensibilityGlobals) = postSolution
		SolutionGuid = {359F156C-6242-444A-82E0-F86010A24357}
	EndGlobalSection
EndGlobal
